
Microsoft Visual Studio Solution File, Format Version 12.00
# Visual Studio Version 17
VisualStudioVersion = 17.8.34309.116
MinimumVisualStudioVersion = 10.0.40219.1
Project("{9A19103F-16F7-4668-BE54-9A1E7A4F7556}") = "Web_API", "Web_API\Web_API.csproj", "{584C65BB-232F-4577-9403-97B4F22BA097}"
	ProjectSection(ProjectDependencies) = postProject
		{F41ADAF1-E880-413A-A059-0A25D7064D3A} = {F41ADAF1-E880-413A-A059-0A25D7064D3A}
	EndProjectSection
EndProject
Project("{9A19103F-16F7-4668-BE54-9A1E7A4F7556}") = "Data", "Data\Data.csproj", "{C481A922-AFA8-4450-86A2-37B080C87223}"
EndProject
Project("{2150E333-8FDC-42A3-9474-1A3956D46DE8}") = "Test", "Test", "{78493155-4388-4265-8E7A-1E384299ACDB}"
EndProject
Project("{2150E333-8FDC-42A3-9474-1A3956D46DE8}") = "Infrastructure", "Infrastructure", "{2DFA656F-BE55-4910-A01B-98796112C2C7}"
EndProject
Project("{2150E333-8FDC-42A3-9474-1A3956D46DE8}") = "DataBase", "DataBase", "{8BB62AF0-9E1F-4690-81C7-B5CCAF6D27EE}"
EndProject
Project("{2150E333-8FDC-42A3-9474-1A3956D46DE8}") = "DDLs", "DDLs", "{B37B7260-2547-4D2E-B5EF-DE0DD361C031}"
EndProject
Project("{2150E333-8FDC-42A3-9474-1A3956D46DE8}") = "DML", "DML", "{C5DF22EA-10C2-4E69-AF9D-859F609485E0}"
EndProject
Project("{2150E333-8FDC-42A3-9474-1A3956D46DE8}") = "Functions", "Functions", "{9D8E994B-B198-4405-8FED-062A97907A96}"
EndProject
Project("{2150E333-8FDC-42A3-9474-1A3956D46DE8}") = "StoredProcedures", "StoredProcedures", "{6EA37B09-AF73-4B24-B563-7D6ACD7B5875}"
EndProject
Project("{2150E333-8FDC-42A3-9474-1A3956D46DE8}") = "Tables", "Tables", "{A36B40FF-769B-4777-AD78-C7F4EA668CAB}"
EndProject
Project("{2150E333-8FDC-42A3-9474-1A3956D46DE8}") = "Views", "Views", "{6F933A59-3D07-4CA3-835A-FF0B48E020E9}"
EndProject
Project("{FAE04EC0-301F-11D3-BF4B-00C04F79EFBC}") = "BAL", "BAL\BAL.csproj", "{F41ADAF1-E880-413A-A059-0A25D7064D3A}"
	ProjectSection(ProjectDependencies) = postProject
		{C481A922-AFA8-4450-86A2-37B080C87223} = {C481A922-AFA8-4450-86A2-37B080C87223}
	EndProjectSection
EndProject
Project("{FAE04EC0-301F-11D3-BF4B-00C04F79EFBC}") = "BAL.Tests", "BAL.Tests\BAL.Tests.csproj", "{B8699EF2-3962-4D61-8769-B5F11866D83A}"
	ProjectSection(ProjectDependencies) = postProject
		{584C65BB-232F-4577-9403-97B4F22BA097} = {584C65BB-232F-4577-9403-97B4F22BA097}
		{F41ADAF1-E880-413A-A059-0A25D7064D3A} = {F41ADAF1-E880-413A-A059-0A25D7064D3A}
	EndProjectSection
EndProject
Project("{FAE04EC0-301F-11D3-BF4B-00C04F79EFBC}") = "WebApi.Tests", "WebApi.Tests\WebApi.Tests.csproj", "{7CCF13F2-27AF-41C1-8FC7-8669C5055F97}"
	ProjectSection(ProjectDependencies) = postProject
		{584C65BB-232F-4577-9403-97B4F22BA097} = {584C65BB-232F-4577-9403-97B4F22BA097}
	EndProjectSection
EndProject
Global
	GlobalSection(SolutionConfigurationPlatforms) = preSolution
		Debug|Any CPU = Debug|Any CPU
		Release|Any CPU = Release|Any CPU
	EndGlobalSection
	GlobalSection(ProjectConfigurationPlatforms) = postSolution
		{584C65BB-232F-4577-9403-97B4F22BA097}.Debug|Any CPU.ActiveCfg = Debug|Any CPU
		{584C65BB-232F-4577-9403-97B4F22BA097}.Debug|Any CPU.Build.0 = Debug|Any CPU
		{584C65BB-232F-4577-9403-97B4F22BA097}.Release|Any CPU.ActiveCfg = Release|Any CPU
		{584C65BB-232F-4577-9403-97B4F22BA097}.Release|Any CPU.Build.0 = Release|Any CPU
		{C481A922-AFA8-4450-86A2-37B080C87223}.Debug|Any CPU.ActiveCfg = Debug|Any CPU
		{C481A922-AFA8-4450-86A2-37B080C87223}.Debug|Any CPU.Build.0 = Debug|Any CPU
		{C481A922-AFA8-4450-86A2-37B080C87223}.Release|Any CPU.ActiveCfg = Release|Any CPU
		{C481A922-AFA8-4450-86A2-37B080C87223}.Release|Any CPU.Build.0 = Release|Any CPU
		{F41ADAF1-E880-413A-A059-0A25D7064D3A}.Debug|Any CPU.ActiveCfg = Debug|Any CPU
		{F41ADAF1-E880-413A-A059-0A25D7064D3A}.Debug|Any CPU.Build.0 = Debug|Any CPU
		{F41ADAF1-E880-413A-A059-0A25D7064D3A}.Release|Any CPU.ActiveCfg = Release|Any CPU
		{F41ADAF1-E880-413A-A059-0A25D7064D3A}.Release|Any CPU.Build.0 = Release|Any CPU
		{B8699EF2-3962-4D61-8769-B5F11866D83A}.Debug|Any CPU.ActiveCfg = Debug|Any CPU
		{B8699EF2-3962-4D61-8769-B5F11866D83A}.Debug|Any CPU.Build.0 = Debug|Any CPU
		{B8699EF2-3962-4D61-8769-B5F11866D83A}.Release|Any CPU.ActiveCfg = Release|Any CPU
		{B8699EF2-3962-4D61-8769-B5F11866D83A}.Release|Any CPU.Build.0 = Release|Any CPU
		{7CCF13F2-27AF-41C1-8FC7-8669C5055F97}.Debug|Any CPU.ActiveCfg = Debug|Any CPU
		{7CCF13F2-27AF-41C1-8FC7-8669C5055F97}.Debug|Any CPU.Build.0 = Debug|Any CPU
		{7CCF13F2-27AF-41C1-8FC7-8669C5055F97}.Release|Any CPU.ActiveCfg = Release|Any CPU
		{7CCF13F2-27AF-41C1-8FC7-8669C5055F97}.Release|Any CPU.Build.0 = Release|Any CPU
	EndGlobalSection
	GlobalSection(SolutionProperties) = preSolution
		HideSolutionNode = FALSE
	EndGlobalSection
	GlobalSection(NestedProjects) = preSolution
		{8BB62AF0-9E1F-4690-81C7-B5CCAF6D27EE} = {2DFA656F-BE55-4910-A01B-98796112C2C7}
		{B37B7260-2547-4D2E-B5EF-DE0DD361C031} = {8BB62AF0-9E1F-4690-81C7-B5CCAF6D27EE}
		{C5DF22EA-10C2-4E69-AF9D-859F609485E0} = {8BB62AF0-9E1F-4690-81C7-B5CCAF6D27EE}
		{9D8E994B-B198-4405-8FED-062A97907A96} = {B37B7260-2547-4D2E-B5EF-DE0DD361C031}
		{6EA37B09-AF73-4B24-B563-7D6ACD7B5875} = {B37B7260-2547-4D2E-B5EF-DE0DD361C031}
		{A36B40FF-769B-4777-AD78-C7F4EA668CAB} = {B37B7260-2547-4D2E-B5EF-DE0DD361C031}
		{6F933A59-3D07-4CA3-835A-FF0B48E020E9} = {B37B7260-2547-4D2E-B5EF-DE0DD361C031}
		{B8699EF2-3962-4D61-8769-B5F11866D83A} = {78493155-4388-4265-8E7A-1E384299ACDB}
		{7CCF13F2-27AF-41C1-8FC7-8669C5055F97} = {78493155-4388-4265-8E7A-1E384299ACDB}
	EndGlobalSection
	GlobalSection(ExtensibilityGlobals) = postSolution
		SolutionGuid = {EB04C525-EAD0-4DE7-8D19-8C84C004B828}
	EndGlobalSection
EndGlobal
